
Microsoft Visual Studio Solution File, Format Version 12.00
# Visual Studio Version 16
VisualStudioVersion = 16.0.32901.82
MinimumVisualStudioVersion = 10.0.40219.1
Project("{FAE04EC0-301F-11D3-BF4B-00C04F79EFBC}") = "WebApi", "WebApi.csproj", "{A2C49EDE-98B8-42BF-AB12-3B6F2A1C0E5C}"
EndProject
Global
	GlobalSection(SolutionConfigurationPlatforms) = preSolution
		Debug|Any CPU = Debug|Any CPU
		Release|Any CPU = Release|Any CPU
	EndGlobalSection
	GlobalSection(ProjectConfigurationPlatforms) = postSolution
		{A2C49EDE-98B8-42BF-AB12-3B6F2A1C0E5C}.Debug|Any CPU.ActiveCfg = Debug|Any CPU
		{A2C49EDE-98B8-42BF-AB12-3B6F2A1C0E5C}.Debug|Any CPU.Build.0 = Debug|Any CPU
		{A2C49EDE-98B8-42BF-AB12-3B6F2A1C0E5C}.Release|Any CPU.ActiveCfg = Release|Any CPU
		{A2C49EDE-98B8-42BF-AB12-3B6F2A1C0E5C}.Release|Any CPU.Build.0 = Release|Any CPU
	EndGlobalSection
	GlobalSection(SolutionProperties) = preSolution
		HideSolutionNode = FALSE
	EndGlobalSection
	GlobalSection(ExtensibilityGlobals) = postSolution
		SolutionGuid = {C5A89938-D83C-4CC1-B609-7DBEA68A3573}
	EndGlobalSection
EndGlobal
